
Microsoft Visual Studio Solution File, Format Version 12.00
# Visual Studio 15
VisualStudioVersion = 15.0.26403.7
MinimumVisualStudioVersion = 15.0.26124.0
Project("{2150E333-8FDC-42A3-9474-1A3956D46DE8}") = "src", "src", "{008DA6B6-DB08-444D-8D22-F6A2991F77BB}"
EndProject
Project("{2150E333-8FDC-42A3-9474-1A3956D46DE8}") = "test", "test", "{37BD2940-3014-4418-9D73-05E9A1DF8B49}"
EndProject
Project("{9A19103F-16F7-4668-BE54-9A1E7A4F7556}") = "Ofl.Search.Elasticsearch.DependencyInjection.Autofac", "src\Ofl.Search.Elasticsearch.DependencyInjection.Autofac\Ofl.Search.Elasticsearch.DependencyInjection.Autofac.csproj", "{6A1DC6FA-68B3-4296-8968-38488AC2844A}"
EndProject
Project("{9A19103F-16F7-4668-BE54-9A1E7A4F7556}") = "Ofl.Search.Elasticsearch.DependencyInjection.Autofac.Tests", "test\Ofl.Search.Elasticsearch.DependencyInjection.Autofac.Tests\Ofl.Search.Elasticsearch.DependencyInjection.Autofac.Tests.csproj", "{D83326A7-0D4B-45C2-8821-A61DDB448E4A}"
EndProject
Global
	GlobalSection(SolutionConfigurationPlatforms) = preSolution
		Debug|Any CPU = Debug|Any CPU
		Debug|x64 = Debug|x64
		Debug|x86 = Debug|x86
		Release|Any CPU = Release|Any CPU
		Release|x64 = Release|x64
		Release|x86 = Release|x86
	EndGlobalSection
	GlobalSection(ProjectConfigurationPlatforms) = postSolution
		{6A1DC6FA-68B3-4296-8968-38488AC2844A}.Debug|Any CPU.ActiveCfg = Debug|Any CPU
		{6A1DC6FA-68B3-4296-8968-38488AC2844A}.Debug|Any CPU.Build.0 = Debug|Any CPU
		{6A1DC6FA-68B3-4296-8968-38488AC2844A}.Debug|x64.ActiveCfg = Debug|Any CPU
		{6A1DC6FA-68B3-4296-8968-38488AC2844A}.Debug|x64.Build.0 = Debug|Any CPU
		{6A1DC6FA-68B3-4296-8968-38488AC2844A}.Debug|x86.ActiveCfg = Debug|Any CPU
		{6A1DC6FA-68B3-4296-8968-38488AC2844A}.Debug|x86.Build.0 = Debug|Any CPU
		{6A1DC6FA-68B3-4296-8968-38488AC2844A}.Release|Any CPU.ActiveCfg = Release|Any CPU
		{6A1DC6FA-68B3-4296-8968-38488AC2844A}.Release|Any CPU.Build.0 = Release|Any CPU
		{6A1DC6FA-68B3-4296-8968-38488AC2844A}.Release|x64.ActiveCfg = Release|Any CPU
		{6A1DC6FA-68B3-4296-8968-38488AC2844A}.Release|x64.Build.0 = Release|Any CPU
		{6A1DC6FA-68B3-4296-8968-38488AC2844A}.Release|x86.ActiveCfg = Release|Any CPU
		{6A1DC6FA-68B3-4296-8968-38488AC2844A}.Release|x86.Build.0 = Release|Any CPU
		{D83326A7-0D4B-45C2-8821-A61DDB448E4A}.Debug|Any CPU.ActiveCfg = Debug|Any CPU
		{D83326A7-0D4B-45C2-8821-A61DDB448E4A}.Debug|Any CPU.Build.0 = Debug|Any CPU
		{D83326A7-0D4B-45C2-8821-A61DDB448E4A}.Debug|x64.ActiveCfg = Debug|Any CPU
		{D83326A7-0D4B-45C2-8821-A61DDB448E4A}.Debug|x64.Build.0 = Debug|Any CPU
		{D83326A7-0D4B-45C2-8821-A61DDB448E4A}.Debug|x86.ActiveCfg = Debug|Any CPU
		{D83326A7-0D4B-45C2-8821-A61DDB448E4A}.Debug|x86.Build.0 = Debug|Any CPU
		{D83326A7-0D4B-45C2-8821-A61DDB448E4A}.Release|Any CPU.ActiveCfg = Release|Any CPU
		{D83326A7-0D4B-45C2-8821-A61DDB448E4A}.Release|Any CPU.Build.0 = Release|Any CPU
		{D83326A7-0D4B-45C2-8821-A61DDB448E4A}.Release|x64.ActiveCfg = Release|Any CPU
		{D83326A7-0D4B-45C2-8821-A61DDB448E4A}.Release|x64.Build.0 = Release|Any CPU
		{D83326A7-0D4B-45C2-8821-A61DDB448E4A}.Release|x86.ActiveCfg = Release|Any CPU
		{D83326A7-0D4B-45C2-8821-A61DDB448E4A}.Release|x86.Build.0 = Release|Any CPU
	EndGlobalSection
	GlobalSection(SolutionProperties) = preSolution
		HideSolutionNode = FALSE
	EndGlobalSection
	GlobalSection(NestedProjects) = preSolution
		{6A1DC6FA-68B3-4296-8968-38488AC2844A} = {008DA6B6-DB08-444D-8D22-F6A2991F77BB}
		{D83326A7-0D4B-45C2-8821-A61DDB448E4A} = {37BD2940-3014-4418-9D73-05E9A1DF8B49}
	EndGlobalSection
EndGlobal
